<Solution>
  <Project Path="HistoricalMuseumAudioGuide.Api/HistoricalMuseumAudioGuide.Api.csproj" />
  <Project Path="HistoricalMuseumAudioGuide.Repository/HistoricalMuseumAudioGuide.Repository.csproj" />
  <Project Path="HistoricalMuseumAudioGuide.Service/HistoricalMuseumAudioGuide.Service.csproj" />
</Solution>
